lockfileVersion: '9.0'

settings:
  autoInstallPeers: true
  excludeLinksFromLockfile: false

importers:

  .:
    dependencies:
      '@prisma/client':
        specifier: ^6.8.2
        version: 6.8.2(prisma@6.8.2(typescript@5.8.3))(typescript@5.8.3)
      bufferutil:
        specifier: ^4.0.9
        version: 4.0.9
      dedent:
        specifier: ^1.6.0
        version: 1.6.0
      discord.js:
        specifier: ^14.19.3
        version: 14.19.3(bufferutil@4.0.9)
      g-detector:
        specifier: ^0.1.6
        version: 0.1.6
      typed-env:
        specifier: ^2.0.0
        version: 2.0.0
      zlib-sync:
        specifier: ^0.1.10
        version: 0.1.10
    devDependencies:
      '@biomejs/biome':
        specifier: ^1.9.4
        version: 1.9.4
      '@dotenvx/dotenvx-ext-vault':
        specifier: ^0.3.2
        version: 0.3.2
      cross-env:
        specifier: ^7.0.3
        version: 7.0.3
      prisma:
        specifier: ^6.8.2
        version: 6.8.2(typescript@5.8.3)
      standard-changelog:
        specifier: ^6.0.0
        version: 6.0.0(conventional-commits-filter@5.0.0)
      typescript:
        specifier: ^5.8.3
        version: 5.8.3

packages:

  '@babel/code-frame@7.27.1':
    resolution: {integrity: sha512-cjQ7ZlQ0Mv3b47hABuTevyTuYN4i+loJKGeV9flcCgIK37cCXRh+L1bd3iBHlynerhQ7BhCkn2BPbQUL+rGqFg==}
    engines: {node: '>=6.9.0'}

  '@babel/helper-validator-identifier@7.27.1':
    resolution: {integrity: sha512-D2hP9eA+Sqx1kBZgzxZh0y1trbuU+JoDkiEwqhQ36nodYqJwyEIhPSdMNd7lOm/4io72luTPWH20Yda0xOuUow==}
    engines: {node: '>=6.9.0'}

  '@biomejs/biome@1.9.4':
    resolution: {integrity: sha512-1rkd7G70+o9KkTn5KLmDYXihGoTaIGO9PIIN2ZB7UJxFrWw04CZHPYiMRjYsaDvVV7hP1dYNRLxSANLaBFGpog==}
    engines: {node: '>=14.21.3'}
    hasBin: true

  '@biomejs/cli-darwin-arm64@1.9.4':
    resolution: {integrity: sha512-bFBsPWrNvkdKrNCYeAp+xo2HecOGPAy9WyNyB/jKnnedgzl4W4Hb9ZMzYNbf8dMCGmUdSavlYHiR01QaYR58cw==}
    engines: {node: '>=14.21.3'}
    cpu: [arm64]
    os: [darwin]

  '@biomejs/cli-darwin-x64@1.9.4':
    resolution: {integrity: sha512-ngYBh/+bEedqkSevPVhLP4QfVPCpb+4BBe2p7Xs32dBgs7rh9nY2AIYUL6BgLw1JVXV8GlpKmb/hNiuIxfPfZg==}
    engines: {node: '>=14.21.3'}
    cpu: [x64]
    os: [darwin]

  '@biomejs/cli-linux-arm64-musl@1.9.4':
    resolution: {integrity: sha512-v665Ct9WCRjGa8+kTr0CzApU0+XXtRgwmzIf1SeKSGAv+2scAlW6JR5PMFo6FzqqZ64Po79cKODKf3/AAmECqA==}
    engines: {node: '>=14.21.3'}
    cpu: [arm64]
    os: [linux]

  '@biomejs/cli-linux-arm64@1.9.4':
    resolution: {integrity: sha512-fJIW0+LYujdjUgJJuwesP4EjIBl/N/TcOX3IvIHJQNsAqvV2CHIogsmA94BPG6jZATS4Hi+xv4SkBBQSt1N4/g==}
    engines: {node: '>=14.21.3'}
    cpu: [arm64]
    os: [linux]

  '@biomejs/cli-linux-x64-musl@1.9.4':
    resolution: {integrity: sha512-gEhi/jSBhZ2m6wjV530Yy8+fNqG8PAinM3oV7CyO+6c3CEh16Eizm21uHVsyVBEB6RIM8JHIl6AGYCv6Q6Q9Tg==}
    engines: {node: '>=14.21.3'}
    cpu: [x64]
    os: [linux]

  '@biomejs/cli-linux-x64@1.9.4':
    resolution: {integrity: sha512-lRCJv/Vi3Vlwmbd6K+oQ0KhLHMAysN8lXoCI7XeHlxaajk06u7G+UsFSO01NAs5iYuWKmVZjmiOzJ0OJmGsMwg==}
    engines: {node: '>=14.21.3'}
    cpu: [x64]
    os: [linux]

  '@biomejs/cli-win32-arm64@1.9.4':
    resolution: {integrity: sha512-tlbhLk+WXZmgwoIKwHIHEBZUwxml7bRJgk0X2sPyNR3S93cdRq6XulAZRQJ17FYGGzWne0fgrXBKpl7l4M87Hg==}
    engines: {node: '>=14.21.3'}
    cpu: [arm64]
    os: [win32]

  '@biomejs/cli-win32-x64@1.9.4':
    resolution: {integrity: sha512-8Y5wMhVIPaWe6jw2H+KlEm4wP/f7EW3810ZLmDlrEEy5KvBsb9ECEfu/kMWD484ijfQ8+nIi0giMgu9g1UAuuA==}
    engines: {node: '>=14.21.3'}
    cpu: [x64]
    os: [win32]

  '@conventional-changelog/git-client@1.0.1':
    resolution: {integrity: sha512-PJEqBwAleffCMETaVm/fUgHldzBE35JFk3/9LL6NUA5EXa3qednu+UT6M7E5iBu3zIQZCULYIiZ90fBYHt6xUw==}
    engines: {node: '>=18'}
    peerDependencies:
      conventional-commits-filter: ^5.0.0
      conventional-commits-parser: ^6.0.0
    peerDependenciesMeta:
      conventional-commits-filter:
        optional: true
      conventional-commits-parser:
        optional: true

  '@discordjs/builders@1.11.2':
    resolution: {integrity: sha512-F1WTABdd8/R9D1icJzajC4IuLyyS8f3rTOz66JsSI3pKvpCAtsMBweu8cyNYsIyvcrKAVn9EPK+Psoymq+XC0A==}
    engines: {node: '>=16.11.0'}

  '@discordjs/collection@1.5.3':
    resolution: {integrity: sha512-SVb428OMd3WO1paV3rm6tSjM4wC+Kecaa1EUGX7vc6/fddvw/6lg90z4QtCqm21zvVe92vMMDt9+DkIvjXImQQ==}
    engines: {node: '>=16.11.0'}

  '@discordjs/collection@2.1.1':
    resolution: {integrity: sha512-LiSusze9Tc7qF03sLCujF5iZp7K+vRNEDBZ86FT9aQAv3vxMLihUvKvpsCWiQ2DJq1tVckopKm1rxomgNUc9hg==}
    engines: {node: '>=18'}

  '@discordjs/formatters@0.6.1':
    resolution: {integrity: sha512-5cnX+tASiPCqCWtFcFslxBVUaCetB0thvM/JyavhbXInP1HJIEU+Qv/zMrnuwSsX3yWH2lVXNJZeDK3EiP4HHg==}
    engines: {node: '>=16.11.0'}

  '@discordjs/rest@2.5.0':
    resolution: {integrity: sha512-PWhchxTzpn9EV3vvPRpwS0EE2rNYB9pvzDU/eLLW3mByJl0ZHZjHI2/wA8EbH2gRMQV7nu+0FoDF84oiPl8VAQ==}
    engines: {node: '>=18'}

  '@discordjs/util@1.1.1':
    resolution: {integrity: sha512-eddz6UnOBEB1oITPinyrB2Pttej49M9FZQY8NxgEvc3tq6ZICZ19m70RsmzRdDHk80O9NoYN/25AqJl8vPVf/g==}
    engines: {node: '>=18'}

  '@discordjs/ws@1.2.2':
    resolution: {integrity: sha512-dyfq7yn0wO0IYeYOs3z79I6/HumhmKISzFL0Z+007zQJMtAFGtt3AEoq1nuLXtcunUE5YYYQqgKvybXukAK8/w==}
    engines: {node: '>=16.11.0'}

  '@dotenvx/dotenvx-ext-vault@0.3.2':
    resolution: {integrity: sha512-lCH9Nu7ao9dwDzzzJAlienHksWc7Qqqd8Hx0+f/VB8vFDftePg5e9+ivClna5GpEAXZNrBH1HrZtqGOwHq2SLg==}
    hasBin: true

  '@hutson/parse-repository-url@5.0.0':
    resolution: {integrity: sha512-e5+YUKENATs1JgYHMzTr2MW/NDcXGfYFAuOQU8gJgF/kEh4EqKgfGrfLI67bMD4tbhZVlkigz/9YYwWcbOFthg==}
    engines: {node: '>=10.13.0'}

  '@prisma/client@6.8.2':
    resolution: {integrity: sha512-5II+vbyzv4si6Yunwgkj0qT/iY0zyspttoDrL3R4BYgLdp42/d2C8xdi9vqkrYtKt9H32oFIukvyw3Koz5JoDg==}
    engines: {node: '>=18.18'}
    peerDependencies:
      prisma: '*'
      typescript: '>=5.1.0'
    peerDependenciesMeta:
      prisma:
        optional: true
      typescript:
        optional: true

  '@prisma/config@6.8.2':
    resolution: {integrity: sha512-ZJY1fF4qRBPdLQ/60wxNtX+eu89c3AkYEcP7L3jkp0IPXCNphCYxikTg55kPJLDOG6P0X+QG5tCv6CmsBRZWFQ==}

  '@prisma/debug@6.8.2':
    resolution: {integrity: sha512-4muBSSUwJJ9BYth5N8tqts8JtiLT8QI/RSAzEogwEfpbYGFo9mYsInsVo8dqXdPO2+Rm5OG5q0qWDDE3nyUbVg==}

  '@prisma/engines-version@6.8.0-43.2060c79ba17c6bb9f5823312b6f6b7f4a845738e':
    resolution: {integrity: sha512-Rkik9lMyHpFNGaLpPF3H5q5TQTkm/aE7DsGM5m92FZTvWQsvmi6Va8On3pWvqLHOt5aPUvFb/FeZTmphI4CPiQ==}

  '@prisma/engines@6.8.2':
    resolution: {integrity: sha512-XqAJ//LXjqYRQ1RRabs79KOY4+v6gZOGzbcwDQl0D6n9WBKjV7qdrbd042CwSK0v0lM9MSHsbcFnU2Yn7z8Zlw==}

  '@prisma/fetch-engine@6.8.2':
    resolution: {integrity: sha512-lCvikWOgaLOfqXGacEKSNeenvj0n3qR5QvZUOmPE2e1Eh8cMYSobxonCg9rqM6FSdTfbpqp9xwhSAOYfNqSW0g==}

  '@prisma/get-platform@6.8.2':
    resolution: {integrity: sha512-vXSxyUgX3vm1Q70QwzwkjeYfRryIvKno1SXbIqwSptKwqKzskINnDUcx85oX+ys6ooN2ATGSD0xN2UTfg6Zcow==}

  '@sapphire/async-queue@1.5.5':
    resolution: {integrity: sha512-cvGzxbba6sav2zZkH8GPf2oGk9yYoD5qrNWdu9fRehifgnFZJMV+nuy2nON2roRO4yQQ+v7MK/Pktl/HgfsUXg==}
    engines: {node: '>=v14.0.0', npm: '>=7.0.0'}

  '@sapphire/shapeshift@4.0.0':
    resolution: {integrity: sha512-d9dUmWVA7MMiKobL3VpLF8P2aeanRTu6ypG2OIaEv/ZHH/SUQ2iHOVyi5wAPjQ+HmnMuL0whK9ez8I/raWbtIg==}
    engines: {node: '>=v16'}

  '@sapphire/snowflake@3.5.3':
    resolution: {integrity: sha512-jjmJywLAFoWeBi1W7994zZyiNWPIiqRRNAmSERxyg93xRGzNYvGjlZ0gR6x0F4gPRi2+0O6S71kOZYyr3cxaIQ==}
    engines: {node: '>=v14.0.0', npm: '>=7.0.0'}

  '@types/node@22.15.18':
    resolution: {integrity: sha512-v1DKRfUdyW+jJhZNEI1PYy29S2YRxMV5AOO/x/SjKmW0acCIOqmbj6Haf9eHAhsPmrhlHSxEhv/1WszcLWV4cg==}

  '@types/normalize-package-data@2.4.4':
    resolution: {integrity: sha512-37i+OaWTh9qeK4LSHPsyRC7NahnGotNuZvjLSgcPzblpHB3rrCJxAOgI5gCdKm7coonsaX1Of0ILiTcnZjbfxA==}

  '@types/semver@7.7.0':
    resolution: {integrity: sha512-k107IF4+Xr7UHjwDc7Cfd6PRQfbdkiRabXGRjo07b4WyPahFBZCZ1sE+BNxYIJPPg73UkfOsVOLwqVc/6ETrIA==}

  '@types/ws@8.18.1':
    resolution: {integrity: sha512-ThVF6DCVhA8kUGy+aazFQ4kXQ7E1Ty7A3ypFOe0IcJV8O/M511G99AW24irKrW56Wt44yG9+ij8FaqoBGkuBXg==}

  '@vladfrangu/async_event_emitter@2.4.6':
    resolution: {integrity: sha512-RaI5qZo6D2CVS6sTHFKg1v5Ohq/+Bo2LZ5gzUEwZ/WkHhwtGTCB/sVLw8ijOkAUxasZ+WshN/Rzj4ywsABJ5ZA==}
    engines: {node: '>=v14.0.0', npm: '>=7.0.0'}

  add-stream@1.0.0:
    resolution: {integrity: sha512-qQLMr+8o0WC4FZGQTcJiKBVC59JylcPSrTtk6usvmIDFUOCKegapy1VHQwRbFMOFyb/inzUVqHs+eMYKDM1YeQ==}

  array-ify@1.0.0:
    resolution: {integrity: sha512-c5AMf34bKdvPhQ7tBGhqkgKNUzMr4WUs+WDtC2ZUGOUncbxKMTvqxYctiseW3+L4bA8ec+GcZ6/A/FW4m8ukng==}

  bufferutil@4.0.9:
    resolution: {integrity: sha512-WDtdLmJvAuNNPzByAYpRo2rF1Mmradw6gvWsQKf63476DDXmomT9zUiGypLcG4ibIM67vhAj8jJRdbmEws2Aqw==}
    engines: {node: '>=6.14.2'}

  commander@11.1.0:
    resolution: {integrity: sha512-yPVavfyCcRhmorC7rWlkHn15b4wDVgVmBA7kV4QVBsF7kv/9TKJAbAXVTxvTnwP8HHKjRCJDClKbciiYS7p0DQ==}
    engines: {node: '>=16'}

  compare-func@2.0.0:
    resolution: {integrity: sha512-zHig5N+tPWARooBnb0Zx1MFcdfpyJrfTJ3Y5L+IFvUm8rM74hHz66z0gw0x4tijh5CorKkKUCnW82R2vmpeCRA==}

  conventional-changelog-angular@8.0.0:
    resolution: {integrity: sha512-CLf+zr6St0wIxos4bmaKHRXWAcsCXrJU6F4VdNDrGRK3B8LDLKoX3zuMV5GhtbGkVR/LohZ6MT6im43vZLSjmA==}
    engines: {node: '>=18'}

  conventional-changelog-core@8.0.0:
    resolution: {integrity: sha512-EATUx5y9xewpEe10UEGNpbSHRC6cVZgO+hXQjofMqpy+gFIrcGvH3Fl6yk2VFKh7m+ffenup2N7SZJYpyD9evw==}
    engines: {node: '>=18'}

  conventional-changelog-writer@8.0.1:
    resolution: {integrity: sha512-hlqcy3xHred2gyYg/zXSMXraY2mjAYYo0msUCpK+BGyaVJMFCKWVXPIHiaacGO2GGp13kvHWXFhYmxT4QQqW3Q==}
    engines: {node: '>=18'}
    hasBin: true

  conventional-commits-filter@5.0.0:
    resolution: {integrity: sha512-tQMagCOC59EVgNZcC5zl7XqO30Wki9i9J3acbUvkaosCT6JX3EeFwJD7Qqp4MCikRnzS18WXV3BLIQ66ytu6+Q==}
    engines: {node: '>=18'}

  conventional-commits-parser@6.1.0:
    resolution: {integrity: sha512-5nxDo7TwKB5InYBl4ZC//1g9GRwB/F3TXOGR9hgUjMGfvSP4Vu5NkpNro2+1+TIEy1vwxApl5ircECr2ri5JIw==}
    engines: {node: '>=18'}
    hasBin: true

  cross-env@7.0.3:
    resolution: {integrity: sha512-+/HKd6EgcQCJGh2PSjZuUitQBQynKor4wrFbRg4DtAgS1aWO+gU52xpH7M9ScGgXSYmAVS9bIJ8EzuaGw0oNAw==}
    engines: {node: '>=10.14', npm: '>=6', yarn: '>=1'}
    hasBin: true

  cross-spawn@7.0.6:
    resolution: {integrity: sha512-uV2QOWP2nWzsy2aMp8aRibhi9dlzF5Hgh5SHaB9OiTGEyDTiJJyx0uy51QXdyWbtAHNua4XJzUKca3OzKUd3vA==}
    engines: {node: '>= 8'}

  cuint@0.2.2:
    resolution: {integrity: sha512-d4ZVpCW31eWwCMe1YT3ur7mUDnTXbgwyzaL320DrcRT45rfjYxkt5QWLrmOJ+/UEAI2+fQgKe/fCjR8l4TpRgw==}

  dedent@1.6.0:
    resolution: {integrity: sha512-F1Z+5UCFpmQUzJa11agbyPVMbpgT/qA3/SKyJ1jyBgm7dUcUEa8v9JwDkerSQXfakBwFljIxhOJqGkjUwZ9FSA==}
    peerDependencies:
      babel-plugin-macros: ^3.1.0
    peerDependenciesMeta:
      babel-plugin-macros:
        optional: true

  diff@5.2.0:
    resolution: {integrity: sha512-uIFDxqpRZGZ6ThOk84hEfqWoHx2devRFvpTZcTHur85vImfaxUbTW9Ryh4CpCuDnToOP1CEtXKIgytHBPVff5A==}
    engines: {node: '>=0.3.1'}

  discord-api-types@0.38.8:
    resolution: {integrity: sha512-xuRXPD44FcbKHrQK15FS1HFlMRNJtsaZou/SVws18vQ7zHqmlxyDktMkZpyvD6gE2ctGOVYC/jUyoMMAyBWfcw==}

  discord.js@14.19.3:
    resolution: {integrity: sha512-lncTRk0k+8Q5D3nThnODBR8fR8x2fM798o8Vsr40Krx0DjPwpZCuxxTcFMrXMQVOqM1QB9wqWgaXPg3TbmlHqA==}
    engines: {node: '>=18'}

  dot-prop@5.3.0:
    resolution: {integrity: sha512-QM8q3zDe58hqUqjraQOmzZ1LIH9SWQJTlEKCH4kJ2oQvLZk7RbQXvtDM2XEq3fwkV9CCvvH4LA0AV+ogFsBM2Q==}
    engines: {node: '>=8'}

  dotenv@16.5.0:
    resolution: {integrity: sha512-m/C+AwOAr9/W1UOIZUo232ejMNnJAJtYQjUbHoNTBNTJSvqzzDh7vnrei3o3r3m9blf6ZoDkvcw0VmozNRFJxg==}
    engines: {node: '>=12'}

  fast-deep-equal@3.1.3:
    resolution: {integrity: sha512-f3qQ9oQy9j2AhBe/H9VC91wLmKBCCU/gDOnKNAYG5hswO7BLKj09Hc5HYNz9cGI++xlpDCIgDaitVs03ATR84Q==}

  fdir@6.4.4:
    resolution: {integrity: sha512-1NZP+GK4GfuAv3PqKvxQRDMjdSRZjnkq7KfhlNrCNNlZ0ygQFpebfrnfnq/W7fpUnAv9aGWmY1zKx7FYL3gwhg==}
    peerDependencies:
      picomatch: ^3 || ^4
    peerDependenciesMeta:
      picomatch:
        optional: true

  find-up-simple@1.0.1:
    resolution: {integrity: sha512-afd4O7zpqHeRyg4PfDQsXmlDe2PfdHtJt6Akt8jOWaApLOZk5JXs6VMR29lz03pRe9mpykrRCYIYxaJYcfpncQ==}
    engines: {node: '>=18'}

  g-detector@0.1.6:
    resolution: {integrity: sha512-WUohW6zlgG+Y7eGVNhpxP+wf7W2IJEuy+F5r65nw8+/OR+aOaISarPWvvzs45wnOKlMCoZHQnI9nywoiI8njEQ==}
    engines: {node: '>=15.0.0'}

  git-raw-commits@5.0.0:
    resolution: {integrity: sha512-I2ZXrXeOc0KrCvC7swqtIFXFN+rbjnC7b2T943tvemIOVNl+XP8YnA9UVwqFhzzLClnSA60KR/qEjLpXzs73Qg==}
    engines: {node: '>=18'}
    hasBin: true

  git-semver-tags@8.0.0:
    resolution: {integrity: sha512-N7YRIklvPH3wYWAR2vysaqGLPRcpwQ0GKdlqTiVN5w1UmCdaeY3K8s6DMKRCh54DDdzyt/OAB6C8jgVtb7Y2Fg==}
    engines: {node: '>=18'}
    hasBin: true

  handlebars@4.7.8:
    resolution: {integrity: sha512-vafaFqs8MZkRrSX7sFVUdo3ap/eNiLnb4IakshzvP56X5Nr1iGKAIqdX6tMlm6HcNRIkr6AxO5jFEoJzzpT8aQ==}
    engines: {node: '>=0.4.7'}
    hasBin: true

  hosted-git-info@7.0.2:
    resolution: {integrity: sha512-puUZAUKT5m8Zzvs72XWy3HtvVbTWljRE66cP60bxJzAqf2DgICo7lYTY2IHUmLnNpjYvw5bvmoHvPc0QO2a62w==}
    engines: {node: ^16.14.0 || >=18.0.0}

  index-to-position@1.1.0:
    resolution: {integrity: sha512-XPdx9Dq4t9Qk1mTMbWONJqU7boCoumEH7fRET37HX5+khDUl3J2W6PdALxhILYlIYx2amlwYcRPp28p0tSiojg==}
    engines: {node: '>=18'}

  is-obj@2.0.0:
    resolution: {integrity: sha512-drqDG3cbczxxEJRoOXcOjtdp1J/lyp1mNn0xaznRs8+muBhgQcrnbspox5X5fOw0HnMnbfDzvnEMEtqDEJEo8w==}
    engines: {node: '>=8'}

  isexe@2.0.0:
    resolution: {integrity: sha512-RHxMLp9lnKHGHRng9QFhRCMbYAcVpn69smSGcq3f36xjgVVWThj4qqLbTLlq7Ssj8B+fIQ1EuCEGI2lKsyQeIw==}

  jiti@2.4.2:
    resolution: {integrity: sha512-rg9zJN+G4n2nfJl5MW3BMygZX56zKPNVEYYqq7adpmMh4Jn2QNEwhvQlFy6jPVdcod7txZtKHWnyZiA3a0zP7A==}
    hasBin: true

  js-tokens@4.0.0:
    resolution: {integrity: sha512-RdJUflcE3cUzKiMqQgsCu06FPu9UdIJO0beYbPhHN4k6apgJtifcoCtT9bcxOpYBtpD2kCM6Sbzg4CausW/PKQ==}

  lodash.snakecase@4.1.1:
    resolution: {integrity: sha512-QZ1d4xoBHYUeuouhEq3lk3Uq7ldgyFXGBhg04+oRLnIz8o9T65Eh+8YdroUwn846zchkA9yDsDl5CVVaV2nqYw==}

  lodash@4.17.21:
    resolution: {integrity: sha512-v2kDEe57lecTulaDIuNTPy3Ry4gLGJ6Z1O3vE1krgXZNrsQ+LFTGHVxVjcXPs17LhbZVGedAJv8XZ1tvj5FvSg==}

  lru-cache@10.4.3:
    resolution: {integrity: sha512-JNAzZcXrCt42VGLuYz0zfAzDfAvJWW6AfYlDBQyDV5DClI2m5sAmK+OIO7s59XfsRsWHp02jAJrRadPRGTt6SQ==}

  magic-bytes.js@1.12.1:
    resolution: {integrity: sha512-ThQLOhN86ZkJ7qemtVRGYM+gRgR8GEXNli9H/PMvpnZsE44Xfh3wx9kGJaldg314v85m+bFW6WBMaVHJc/c3zA==}

  meow@13.2.0:
    resolution: {integrity: sha512-pxQJQzB6djGPXh08dacEloMFopsOqGVRKFPYvPOt9XDZ1HasbgDZA74CJGreSU4G3Ak7EFJGoiH2auq+yXISgA==}
    engines: {node: '>=18'}

  minimist@1.2.8:
    resolution: {integrity: sha512-2yyAR8qBkN3YuheJanUpWC5U3bb5osDywNB8RzDVlDwDHbocAJveqqj1u8+SVD7jkWT4yvsHCpWqqWqAxb0zCA==}

  nan@2.22.2:
    resolution: {integrity: sha512-DANghxFkS1plDdRsX0X9pm0Z6SJNN6gBdtXfanwoZ8hooC5gosGFSBGRYHUVPz1asKA/kMRqDRdHrluZ61SpBQ==}

  neo-async@2.6.2:
    resolution: {integrity: sha512-Yd3UES5mWCSqR+qNT93S3UoYUkqAZ9lLg8a7g9rimsWmYGK8cVToA4/sF3RrshdyV3sAGMXVUmpMYOw+dLpOuw==}

  node-gyp-build@4.8.4:
    resolution: {integrity: sha512-LA4ZjwlnUblHVgq0oBF3Jl/6h/Nvs5fzBLwdEF4nuxnFdsfajde4WfxtJr3CaiH+F6ewcIB/q4jQ4UzPyid+CQ==}
    hasBin: true

  normalize-package-data@6.0.2:
    resolution: {integrity: sha512-V6gygoYb/5EmNI+MEGrWkC+e6+Rr7mTmfHrxDbLzxQogBkgzo76rkok0Am6thgSF7Mv2nLOajAJj5vDJZEFn7g==}
    engines: {node: ^16.14.0 || >=18.0.0}

  parse-json@8.3.0:
    resolution: {integrity: sha512-ybiGyvspI+fAoRQbIPRddCcSTV9/LsJbf0e/S85VLowVGzRmokfneg2kwVW/KU5rOXrPSbF1qAKPMgNTqqROQQ==}
    engines: {node: '>=18'}

  path-key@3.1.1:
    resolution: {integrity: sha512-ojmeN0qd+y0jszEtoY48r0Peq5dwMEkIlCOu6Q5f41lfkswXuKtYrhgoTpLnyIcHm24Uhqx+5Tqm2InSwLhE6Q==}
    engines: {node: '>=8'}

  picocolors@1.1.1:
    resolution: {integrity: sha512-xceH2snhtb5M9liqDsmEw56le376mTZkEX/jEb/RxNFyegNul7eNslCXP9FDj/Lcu0X8KEyMceP2ntpaHrDEVA==}

  picomatch@4.0.2:
    resolution: {integrity: sha512-M7BAV6Rlcy5u+m6oPhAPFgJTzAioX/6B0DxyvDlo9l8+T3nLKbrczg2WLUyzd45L8RqfUMyGPzekbMvX2Ldkwg==}
    engines: {node: '>=12'}

  prisma@6.8.2:
    resolution: {integrity: sha512-JNricTXQxzDtRS7lCGGOB4g5DJ91eg3nozdubXze3LpcMl1oWwcFddrj++Up3jnRE6X/3gB/xz3V+ecBk/eEGA==}
    engines: {node: '>=18.18'}
    hasBin: true
    peerDependencies:
      typescript: '>=5.1.0'
    peerDependenciesMeta:
      typescript:
        optional: true

  read-package-up@11.0.0:
    resolution: {integrity: sha512-MbgfoNPANMdb4oRBNg5eqLbB2t2r+o5Ua1pNt8BqGp4I0FJZhuVSOj3PaBPni4azWuSzEdNn2evevzVmEk1ohQ==}
    engines: {node: '>=18'}

  read-pkg@9.0.1:
    resolution: {integrity: sha512-9viLL4/n1BJUCT1NXVTdS1jtm80yDEgR5T4yCelII49Mbj0v1rZdKqj7zCiYdbB0CuCgdrvHcNogAKTFPBocFA==}
    engines: {node: '>=18'}

  semver@7.7.2:
    resolution: {integrity: sha512-RF0Fw+rO5AMf9MAyaRXI4AV0Ulj5lMHqVxxdSgiVbixSCXoEmmX/jk0CuJw4+3SqroYO9VoUh+HcuJivvtJemA==}
    engines: {node: '>=10'}
    hasBin: true

  shebang-command@2.0.0:
    resolution: {integrity: sha512-kHxr2zZpYtdmrN1qDjrrX/Z1rR1kG8Dx+gkpK1G4eXmvXswmcE1hTWBWYUzlraYw1/yZp6YuDY77YtvbN0dmDA==}
    engines: {node: '>=8'}

  shebang-regex@3.0.0:
    resolution: {integrity: sha512-7++dFhtcx3353uBaq8DDR4NuxBetBzC7ZQOhmTQInHEd6bSrXdiEyzCvG07Z44UYdLShWUyXt5M/yhz8ekcb1A==}
    engines: {node: '>=8'}

  source-map@0.6.1:
    resolution: {integrity: sha512-UjgapumWlbMhkBgzT7Ykc5YXUT46F0iKu8SGXq0bcwP5dz/h0Plj6enJqjz1Zbq2l5WaqYnrVbwWOWMyF3F47g==}
    engines: {node: '>=0.10.0'}

  spdx-correct@3.2.0:
    resolution: {integrity: sha512-kN9dJbvnySHULIluDHy32WHRUu3Og7B9sbY7tsFLctQkIqnMh3hErYgdMjTYuqmcXX+lK5T1lnUt3G7zNswmZA==}

  spdx-exceptions@2.5.0:
    resolution: {integrity: sha512-PiU42r+xO4UbUS1buo3LPJkjlO7430Xn5SVAhdpzzsPHsjbYVflnnFdATgabnLude+Cqu25p6N+g2lw/PFsa4w==}

  spdx-expression-parse@3.0.1:
    resolution: {integrity: sha512-cbqHunsQWnJNE6KhVSMsMeH5H/L9EpymbzqTQ3uLwNCLZ1Q481oWaofqH7nO6V07xlXwY6PhQdQ2IedWx/ZK4Q==}

  spdx-license-ids@3.0.21:
    resolution: {integrity: sha512-Bvg/8F5XephndSK3JffaRqdT+gyhfqIPwDHpX80tJrF8QQRYMo8sNMeaZ2Dp5+jhwKnUmIOyFFQfHRkjJm5nXg==}

  standard-changelog@6.0.0:
    resolution: {integrity: sha512-VaoASALkUoStWRFFNZAHPt+9NMZxD7HimU69CvW13ywC2yW8SQzRGdbPGkn8ih1LD3h37fNG3bxOqJlY88K5uA==}
    engines: {node: '>=18'}
    hasBin: true

  ts-mixer@6.0.4:
    resolution: {integrity: sha512-ufKpbmrugz5Aou4wcr5Wc1UUFWOLhq+Fm6qa6P0w0K5Qw2yhaUoiWszhCVuNQyNwrlGiscHOmqYoAox1PtvgjA==}

  tslib@2.8.1:
    resolution: {integrity: sha512-oJFu94HQb+KVduSUQL7wnpmqnfmLsOA/nAh6b6EH0wCEoK0/mPeXU6c3wKDV83MkOuHPRHtSXKKU99IBazS/2w==}

  type-fest@4.41.0:
    resolution: {integrity: sha512-TeTSQ6H5YHvpqVwBRcnLDCBnDOHWYu7IvGbHT6N8AOymcr9PJGjc1GTtiWZTYg0NCgYwvnYWEkVChQAr9bjfwA==}
    engines: {node: '>=16'}

  typed-env@2.0.0:
    resolution: {integrity: sha512-9nP+7+pctDlpFNKS4nkXPVkCOdAj7Ax8QeHhQkQ0hEGzsJ5ClgfhjwGN89q6s/EukHqyq9rDRzZ2yctCIEJGxA==}
    engines: {node: ^14.18.0 || >=16.0.0}

  typescript@5.8.3:
    resolution: {integrity: sha512-p1diW6TqL9L07nNxvRMM7hMMw4c5XOo/1ibL4aAIGmSAt9slTE1Xgw5KWuof2uTOvCg9BY7ZRi+GaF+7sfgPeQ==}
    engines: {node: '>=14.17'}
    hasBin: true

  uglify-js@3.19.3:
    resolution: {integrity: sha512-v3Xu+yuwBXisp6QYTcH4UbH+xYJXqnq2m/LtQVWKWzYc1iehYnLixoQDN9FH6/j9/oybfd6W9Ghwkl8+UMKTKQ==}
    engines: {node: '>=0.8.0'}
    hasBin: true

  undici-types@6.21.0:
    resolution: {integrity: sha512-iwDZqg0QAGrg9Rav5H4n0M64c3mkR59cJ6wQp+7C4nI0gsmExaedaYLNO44eT4AtBBwjbTiGPMlt2Md0T9H9JQ==}

  undici@6.21.1:
    resolution: {integrity: sha512-q/1rj5D0/zayJB2FraXdaWxbhWiNKDvu8naDT2dl1yTlvJp4BLtOcp2a5BvgGNQpYYJzau7tf1WgKv3b+7mqpQ==}
    engines: {node: '>=18.17'}

  unicorn-magic@0.1.0:
    resolution: {integrity: sha512-lRfVq8fE8gz6QMBuDM6a+LO3IAzTi05H6gCVaUpir2E1Rwpo4ZUog45KpNXKC/Mn3Yb9UDuHumeFTo9iV/D9FQ==}
    engines: {node: '>=18'}

  validate-npm-package-license@3.0.4:
    resolution: {integrity: sha512-DpKm2Ui/xN7/HQKCtpZxoRWBhZ9Z0kqtygG8XCgNQ8ZlDnxuQmWhj566j8fN4Cu3/JmbhsDo7fcAJq4s9h27Ew==}

  which@2.0.2:
    resolution: {integrity: sha512-BLI3Tl1TW3Pvl70l3yq3Y64i+awpwXqsGBYWkkqMtnbXgrMD+yj7rhW0kuEDxzJaYXGjEW5ogapKNMEKNMjibA==}
    engines: {node: '>= 8'}
    hasBin: true

  wordwrap@1.0.0:
    resolution: {integrity: sha512-gvVzJFlPycKc5dZN4yPkP8w7Dc37BtP1yczEneOb4uq34pXZcvrtRTmWV8W+Ume+XCxKgbjM+nevkyFPMybd4Q==}

  ws@8.18.2:
    resolution: {integrity: sha512-DMricUmwGZUVr++AEAe2uiVM7UoO9MAVZMDu05UQOaUII0lp+zOzLLU4Xqh/JvTqklB1T4uELaaPBKyjE1r4fQ==}
    engines: {node: '>=10.0.0'}
    peerDependencies:
      bufferutil: ^4.0.1
      utf-8-validate: '>=5.0.2'
    peerDependenciesMeta:
      bufferutil:
        optional: true
      utf-8-validate:
        optional: true

  xxhashjs@0.2.2:
    resolution: {integrity: sha512-AkTuIuVTET12tpsVIQo+ZU6f/qDmKuRUcjaqR+OIvm+aCBsZ95i7UVY5WJ9TMsSaZ0DA2WxoZ4acu0sPH+OKAw==}

  zlib-sync@0.1.10:
    resolution: {integrity: sha512-t7/pYg5tLBznL1RuhmbAt8rNp5tbhr+TSrJFnMkRtrGIaPJZ6Dc0uR4u3OoQI2d6cGlVI62E3Gy6gwkxyIqr/w==}

snapshots:

  '@babel/code-frame@7.27.1':
    dependencies:
      '@babel/helper-validator-identifier': 7.27.1
      js-tokens: 4.0.0
      picocolors: 1.1.1

  '@babel/helper-validator-identifier@7.27.1': {}

  '@biomejs/biome@1.9.4':
    optionalDependencies:
      '@biomejs/cli-darwin-arm64': 1.9.4
      '@biomejs/cli-darwin-x64': 1.9.4
      '@biomejs/cli-linux-arm64': 1.9.4
      '@biomejs/cli-linux-arm64-musl': 1.9.4
      '@biomejs/cli-linux-x64': 1.9.4
      '@biomejs/cli-linux-x64-musl': 1.9.4
      '@biomejs/cli-win32-arm64': 1.9.4
      '@biomejs/cli-win32-x64': 1.9.4

  '@biomejs/cli-darwin-arm64@1.9.4':
    optional: true

  '@biomejs/cli-darwin-x64@1.9.4':
    optional: true

  '@biomejs/cli-linux-arm64-musl@1.9.4':
    optional: true

  '@biomejs/cli-linux-arm64@1.9.4':
    optional: true

  '@biomejs/cli-linux-x64-musl@1.9.4':
    optional: true

  '@biomejs/cli-linux-x64@1.9.4':
    optional: true

  '@biomejs/cli-win32-arm64@1.9.4':
    optional: true

  '@biomejs/cli-win32-x64@1.9.4':
    optional: true

  '@conventional-changelog/git-client@1.0.1(conventional-commits-filter@5.0.0)(conventional-commits-parser@6.1.0)':
    dependencies:
      '@types/semver': 7.7.0
      semver: 7.7.2
    optionalDependencies:
      conventional-commits-filter: 5.0.0
      conventional-commits-parser: 6.1.0

  '@discordjs/builders@1.11.2':
    dependencies:
      '@discordjs/formatters': 0.6.1
      '@discordjs/util': 1.1.1
      '@sapphire/shapeshift': 4.0.0
      discord-api-types: 0.38.8
      fast-deep-equal: 3.1.3
      ts-mixer: 6.0.4
      tslib: 2.8.1

  '@discordjs/collection@1.5.3': {}

  '@discordjs/collection@2.1.1': {}

  '@discordjs/formatters@0.6.1':
    dependencies:
      discord-api-types: 0.38.8

  '@discordjs/rest@2.5.0':
    dependencies:
      '@discordjs/collection': 2.1.1
      '@discordjs/util': 1.1.1
      '@sapphire/async-queue': 1.5.5
      '@sapphire/snowflake': 3.5.3
      '@vladfrangu/async_event_emitter': 2.4.6
      discord-api-types: 0.38.8
      magic-bytes.js: 1.12.1
      tslib: 2.8.1
      undici: 6.21.1

  '@discordjs/util@1.1.1': {}

  '@discordjs/ws@1.2.2(bufferutil@4.0.9)':
    dependencies:
      '@discordjs/collection': 2.1.1
      '@discordjs/rest': 2.5.0
      '@discordjs/util': 1.1.1
      '@sapphire/async-queue': 1.5.5
      '@types/ws': 8.18.1
      '@vladfrangu/async_event_emitter': 2.4.6
      discord-api-types: 0.38.8
      tslib: 2.8.1
      ws: 8.18.2(bufferutil@4.0.9)
    transitivePeerDependencies:
      - bufferutil
      - utf-8-validate

  '@dotenvx/dotenvx-ext-vault@0.3.2':
    dependencies:
      commander: 11.1.0
      diff: 5.2.0
      dotenv: 16.5.0
      fdir: 6.4.4(picomatch@4.0.2)
      picomatch: 4.0.2
      xxhashjs: 0.2.2

  '@hutson/parse-repository-url@5.0.0': {}

  '@prisma/client@6.8.2(prisma@6.8.2(typescript@5.8.3))(typescript@5.8.3)':
    optionalDependencies:
      prisma: 6.8.2(typescript@5.8.3)
      typescript: 5.8.3

  '@prisma/config@6.8.2':
    dependencies:
      jiti: 2.4.2

  '@prisma/debug@6.8.2': {}

  '@prisma/engines-version@6.8.0-43.2060c79ba17c6bb9f5823312b6f6b7f4a845738e': {}

  '@prisma/engines@6.8.2':
    dependencies:
      '@prisma/debug': 6.8.2
      '@prisma/engines-version': 6.8.0-43.2060c79ba17c6bb9f5823312b6f6b7f4a845738e
      '@prisma/fetch-engine': 6.8.2
      '@prisma/get-platform': 6.8.2

  '@prisma/fetch-engine@6.8.2':
    dependencies:
      '@prisma/debug': 6.8.2
      '@prisma/engines-version': 6.8.0-43.2060c79ba17c6bb9f5823312b6f6b7f4a845738e
      '@prisma/get-platform': 6.8.2

  '@prisma/get-platform@6.8.2':
    dependencies:
      '@prisma/debug': 6.8.2

  '@sapphire/async-queue@1.5.5': {}

  '@sapphire/shapeshift@4.0.0':
    dependencies:
      fast-deep-equal: 3.1.3
      lodash: 4.17.21

  '@sapphire/snowflake@3.5.3': {}

  '@types/node@22.15.18':
    dependencies:
      undici-types: 6.21.0

  '@types/normalize-package-data@2.4.4': {}

  '@types/semver@7.7.0': {}

  '@types/ws@8.18.1':
    dependencies:
      '@types/node': 22.15.18

  '@vladfrangu/async_event_emitter@2.4.6': {}

  add-stream@1.0.0: {}

  array-ify@1.0.0: {}

  bufferutil@4.0.9:
    dependencies:
      node-gyp-build: 4.8.4

  commander@11.1.0: {}

  compare-func@2.0.0:
    dependencies:
      array-ify: 1.0.0
      dot-prop: 5.3.0

  conventional-changelog-angular@8.0.0:
    dependencies:
      compare-func: 2.0.0

  conventional-changelog-core@8.0.0(conventional-commits-filter@5.0.0):
    dependencies:
      '@hutson/parse-repository-url': 5.0.0
      add-stream: 1.0.0
      conventional-changelog-writer: 8.0.1
      conventional-commits-parser: 6.1.0
      git-raw-commits: 5.0.0(conventional-commits-filter@5.0.0)(conventional-commits-parser@6.1.0)
      git-semver-tags: 8.0.0(conventional-commits-filter@5.0.0)(conventional-commits-parser@6.1.0)
      hosted-git-info: 7.0.2
      normalize-package-data: 6.0.2
      read-package-up: 11.0.0
      read-pkg: 9.0.1
    transitivePeerDependencies:
      - conventional-commits-filter

  conventional-changelog-writer@8.0.1:
    dependencies:
      conventional-commits-filter: 5.0.0
      handlebars: 4.7.8
      meow: 13.2.0
      semver: 7.7.2

  conventional-commits-filter@5.0.0: {}

  conventional-commits-parser@6.1.0:
    dependencies:
      meow: 13.2.0

  cross-env@7.0.3:
    dependencies:
      cross-spawn: 7.0.6

  cross-spawn@7.0.6:
    dependencies:
      path-key: 3.1.1
      shebang-command: 2.0.0
      which: 2.0.2

  cuint@0.2.2: {}

  dedent@1.6.0: {}

  diff@5.2.0: {}

  discord-api-types@0.38.8: {}

  discord.js@14.19.3(bufferutil@4.0.9):
    dependencies:
      '@discordjs/builders': 1.11.2
      '@discordjs/collection': 1.5.3
      '@discordjs/formatters': 0.6.1
      '@discordjs/rest': 2.5.0
      '@discordjs/util': 1.1.1
      '@discordjs/ws': 1.2.2(bufferutil@4.0.9)
      '@sapphire/snowflake': 3.5.3
      discord-api-types: 0.38.8
      fast-deep-equal: 3.1.3
      lodash.snakecase: 4.1.1
      magic-bytes.js: 1.12.1
      tslib: 2.8.1
      undici: 6.21.1
    transitivePeerDependencies:
      - bufferutil
      - utf-8-validate

  dot-prop@5.3.0:
    dependencies:
      is-obj: 2.0.0

  dotenv@16.5.0: {}

  fast-deep-equal@3.1.3: {}

  fdir@6.4.4(picomatch@4.0.2):
    optionalDependencies:
      picomatch: 4.0.2

  find-up-simple@1.0.1: {}

  g-detector@0.1.6: {}

  git-raw-commits@5.0.0(conventional-commits-filter@5.0.0)(conventional-commits-parser@6.1.0):
    dependencies:
      '@conventional-changelog/git-client': 1.0.1(conventional-commits-filter@5.0.0)(conventional-commits-parser@6.1.0)
      meow: 13.2.0
    transitivePeerDependencies:
      - conventional-commits-filter
      - conventional-commits-parser

  git-semver-tags@8.0.0(conventional-commits-filter@5.0.0)(conventional-commits-parser@6.1.0):
    dependencies:
      '@conventional-changelog/git-client': 1.0.1(conventional-commits-filter@5.0.0)(conventional-commits-parser@6.1.0)
      meow: 13.2.0
    transitivePeerDependencies:
      - conventional-commits-filter
      - conventional-commits-parser

  handlebars@4.7.8:
    dependencies:
      minimist: 1.2.8
      neo-async: 2.6.2
      source-map: 0.6.1
      wordwrap: 1.0.0
    optionalDependencies:
      uglify-js: 3.19.3

  hosted-git-info@7.0.2:
    dependencies:
      lru-cache: 10.4.3

  index-to-position@1.1.0: {}

  is-obj@2.0.0: {}

  isexe@2.0.0: {}

  jiti@2.4.2: {}

  js-tokens@4.0.0: {}

  lodash.snakecase@4.1.1: {}

  lodash@4.17.21: {}

  lru-cache@10.4.3: {}

  magic-bytes.js@1.12.1: {}

  meow@13.2.0: {}

  minimist@1.2.8: {}

  nan@2.22.2: {}

  neo-async@2.6.2: {}

  node-gyp-build@4.8.4: {}

  normalize-package-data@6.0.2:
    dependencies:
      hosted-git-info: 7.0.2
      semver: 7.7.2
      validate-npm-package-license: 3.0.4

  parse-json@8.3.0:
    dependencies:
      '@babel/code-frame': 7.27.1
      index-to-position: 1.1.0
      type-fest: 4.41.0

  path-key@3.1.1: {}

  picocolors@1.1.1: {}

  picomatch@4.0.2: {}

  prisma@6.8.2(typescript@5.8.3):
    dependencies:
      '@prisma/config': 6.8.2
      '@prisma/engines': 6.8.2
    optionalDependencies:
      typescript: 5.8.3

  read-package-up@11.0.0:
    dependencies:
      find-up-simple: 1.0.1
      read-pkg: 9.0.1
      type-fest: 4.41.0

  read-pkg@9.0.1:
    dependencies:
      '@types/normalize-package-data': 2.4.4
      normalize-package-data: 6.0.2
      parse-json: 8.3.0
      type-fest: 4.41.0
      unicorn-magic: 0.1.0

  semver@7.7.2: {}

  shebang-command@2.0.0:
    dependencies:
      shebang-regex: 3.0.0

  shebang-regex@3.0.0: {}

  source-map@0.6.1: {}

  spdx-correct@3.2.0:
    dependencies:
      spdx-expression-parse: 3.0.1
      spdx-license-ids: 3.0.21

  spdx-exceptions@2.5.0: {}

  spdx-expression-parse@3.0.1:
    dependencies:
      spdx-exceptions: 2.5.0
      spdx-license-ids: 3.0.21

  spdx-license-ids@3.0.21: {}

  standard-changelog@6.0.0(conventional-commits-filter@5.0.0):
    dependencies:
      conventional-changelog-angular: 8.0.0
      conventional-changelog-core: 8.0.0(conventional-commits-filter@5.0.0)
      meow: 13.2.0
      picocolors: 1.1.1
    transitivePeerDependencies:
      - conventional-commits-filter

  ts-mixer@6.0.4: {}

  tslib@2.8.1: {}

  type-fest@4.41.0: {}

  typed-env@2.0.0: {}

  typescript@5.8.3: {}

  uglify-js@3.19.3:
    optional: true

  undici-types@6.21.0: {}

  undici@6.21.1: {}

  unicorn-magic@0.1.0: {}

  validate-npm-package-license@3.0.4:
    dependencies:
      spdx-correct: 3.2.0
      spdx-expression-parse: 3.0.1

  which@2.0.2:
    dependencies:
      isexe: 2.0.0

  wordwrap@1.0.0: {}

  ws@8.18.2(bufferutil@4.0.9):
    optionalDependencies:
      bufferutil: 4.0.9

  xxhashjs@0.2.2:
    dependencies:
      cuint: 0.2.2

  zlib-sync@0.1.10:
    dependencies:
      nan: 2.22.2
