lockfileVersion: '9.0'

settings:
  autoInstallPeers: true
  excludeLinksFromLockfile: false

importers:

  .:
    dependencies:
      '@prisma/client':
        specifier: ^6.12.0
        version: 6.12.0(prisma@6.12.0(typescript@5.9.2))(typescript@5.9.2)
      bufferutil:
        specifier: ^4.0.9
        version: 4.0.9
      dedent:
        specifier: ^1.6.0
        version: 1.6.0
      discord.js:
        specifier: 15.0.0-dev.1754006526-8f5ac55d8
        version: 15.0.0-dev.1754006526-8f5ac55d8(bufferutil@4.0.9)
      g-detector:
        specifier: ^1.0.0
        version: 1.0.0
      typed-env:
        specifier: ^2.0.0
        version: 2.0.0
      zlib-sync:
        specifier: ^0.1.10
        version: 0.1.10
    devDependencies:
      '@biomejs/biome':
        specifier: ^2.1.3
        version: 2.1.3
      '@dotenvx/dotenvx-ext-vault':
        specifier: ^0.3.2
        version: 0.3.2
      prisma:
        specifier: ^6.12.0
        version: 6.12.0(typescript@5.9.2)
      standard-changelog:
        specifier: ^7.0.1
        version: 7.0.1(conventional-commits-filter@5.0.0)(conventional-commits-parser@6.2.0)
      typescript:
        specifier: ^5.9.2
        version: 5.9.2

packages:

  '@biomejs/biome@2.1.3':
    resolution: {integrity: sha512-KE/tegvJIxTkl7gJbGWSgun7G6X/n2M6C35COT6ctYrAy7SiPyNvi6JtoQERVK/VRbttZfgGq96j2bFmhmnH4w==}
    engines: {node: '>=14.21.3'}
    hasBin: true

  '@biomejs/cli-darwin-arm64@2.1.3':
    resolution: {integrity: sha512-LFLkSWRoSGS1wVUD/BE6Nlt2dSn0ulH3XImzg2O/36BoToJHKXjSxzPEMAqT9QvwVtk7/9AQhZpTneERU9qaXA==}
    engines: {node: '>=14.21.3'}
    cpu: [arm64]
    os: [darwin]

  '@biomejs/cli-darwin-x64@2.1.3':
    resolution: {integrity: sha512-Q/4OTw8P9No9QeowyxswcWdm0n2MsdCwWcc5NcKQQvzwPjwuPdf8dpPPf4r+x0RWKBtl1FLiAUtJvBlri6DnYw==}
    engines: {node: '>=14.21.3'}
    cpu: [x64]
    os: [darwin]

  '@biomejs/cli-linux-arm64-musl@2.1.3':
    resolution: {integrity: sha512-KXouFSBnoxAWZYDQrnNRzZBbt5s9UJkIm40hdvSL9mBxSSoxRFQJbtg1hP3aa8A2SnXyQHxQfpiVeJlczZt76w==}
    engines: {node: '>=14.21.3'}
    cpu: [arm64]
    os: [linux]

  '@biomejs/cli-linux-arm64@2.1.3':
    resolution: {integrity: sha512-2hS6LgylRqMFmAZCOFwYrf77QMdUwJp49oe8PX/O8+P2yKZMSpyQTf3Eo5ewnsMFUEmYbPOskafdV1ds1MZMJA==}
    engines: {node: '>=14.21.3'}
    cpu: [arm64]
    os: [linux]

  '@biomejs/cli-linux-x64-musl@2.1.3':
    resolution: {integrity: sha512-KaLAxnROouzIWtl6a0Y88r/4hW5oDUJTIqQorOTVQITaKQsKjZX4XCUmHIhdEk8zMnaiLZzRTAwk1yIAl+mIew==}
    engines: {node: '>=14.21.3'}
    cpu: [x64]
    os: [linux]

  '@biomejs/cli-linux-x64@2.1.3':
    resolution: {integrity: sha512-NxlSCBhLvQtWGagEztfAZ4WcE1AkMTntZV65ZvR+J9jp06+EtOYEBPQndA70ZGhHbEDG57bR6uNvqkd1WrEYVA==}
    engines: {node: '>=14.21.3'}
    cpu: [x64]
    os: [linux]

  '@biomejs/cli-win32-arm64@2.1.3':
    resolution: {integrity: sha512-V9CUZCtWH4u0YwyCYbQ3W5F4ZGPWp2C2TYcsiWFNNyRfmOW1j/TY/jAurl33SaRjgZPO5UUhGyr9m6BN9t84NQ==}
    engines: {node: '>=14.21.3'}
    cpu: [arm64]
    os: [win32]

  '@biomejs/cli-win32-x64@2.1.3':
    resolution: {integrity: sha512-dxy599q6lgp8ANPpR8sDMscwdp9oOumEsVXuVCVT9N2vAho8uYXlCz53JhxX6LtJOXaE73qzgkGQ7QqvFlMC0g==}
    engines: {node: '>=14.21.3'}
    cpu: [x64]
    os: [win32]

  '@conventional-changelog/git-client@2.5.1':
    resolution: {integrity: sha512-lAw7iA5oTPWOLjiweb7DlGEMDEvzqzLLa6aWOly2FSZ64IwLE8T458rC+o+WvI31Doz6joM7X2DoNog7mX8r4A==}
    engines: {node: '>=18'}
    peerDependencies:
      conventional-commits-filter: ^5.0.0
      conventional-commits-parser: ^6.1.0
    peerDependenciesMeta:
      conventional-commits-filter:
        optional: true
      conventional-commits-parser:
        optional: true

  '@discordjs/builders@2.0.0-dev.1754006523-8f5ac55d8':
    resolution: {integrity: sha512-LQX94c/M65NTULoB5cKkNpzHO7BC+tVb9iP0clRzlU11bxCFTGnb/wA8yqxOjUbtkRl5i3S1Q5+8skT1KCcJwQ==}
    engines: {node: '>=22.12.0'}

  '@discordjs/collection@3.0.0-dev.1754006524-8f5ac55d8':
    resolution: {integrity: sha512-BLoRYE6C/f9J2AIgBfG1eCbH5zgovl0PJlMbN3CWmoR6n3XgZf750obVSPJfb0eHUbsHHNFA8AIzPEf0Z0geSA==}
    engines: {node: '>=22.12.0'}

  '@discordjs/formatters@1.0.0-dev.1754006528-8f5ac55d8':
    resolution: {integrity: sha512-76tdC4YY9gQpzKMUv+6tje112ncoXVsME/ayYE7O/OqzC2Lrh3lNcnOLByo5efEpUmkm67fjED/sqtRA7plDXw==}
    engines: {node: '>=22.12.0'}

  '@discordjs/rest@3.0.0-dev.1754006531-8f5ac55d8':
    resolution: {integrity: sha512-a4rRy/hTuDUujXiy23vwqsByzHPBcGFkcFbbfV+VrD6J45pFK82cXeFFJJBm9LVEdK9QINNLLDsDqfCQGl7z6A==}
    engines: {node: '>=22.12.0'}

  '@discordjs/util@2.0.0-dev.1754006532-8f5ac55d8':
    resolution: {integrity: sha512-qeTaCfdRmR5PcwNXKOOrfIPjmM1H5Lcno17SFEol4LVum5M5pwhzGtPzg2r9yRsYH9UoJue3wTJVN2vxaoWOpA==}
    engines: {node: '>=22.12.0'}

  '@discordjs/ws@3.0.0-dev.1754006534-8f5ac55d8':
    resolution: {integrity: sha512-GNxkT5XjXW0Az+p4+8m3JLgf+cX8e5eMqM5mT3+eeO0ti6oozTvpm0Nv7PBYl3BKtP9k44YCsSolshq4vYmiDw==}
    engines: {node: '>=22.12.0'}

  '@dotenvx/dotenvx-ext-vault@0.3.2':
    resolution: {integrity: sha512-lCH9Nu7ao9dwDzzzJAlienHksWc7Qqqd8Hx0+f/VB8vFDftePg5e9+ivClna5GpEAXZNrBH1HrZtqGOwHq2SLg==}
    hasBin: true

  '@prisma/client@6.12.0':
    resolution: {integrity: sha512-wn98bJ3Cj6edlF4jjpgXwbnQIo/fQLqqQHPk2POrZPxTlhY3+n90SSIF3LMRVa8VzRFC/Gec3YKJRxRu+AIGVA==}
    engines: {node: '>=18.18'}
    peerDependencies:
      prisma: '*'
      typescript: '>=5.1.0'
    peerDependenciesMeta:
      prisma:
        optional: true
      typescript:
        optional: true

  '@prisma/config@6.12.0':
    resolution: {integrity: sha512-HovZWzhWEMedHxmjefQBRZa40P81N7/+74khKFz9e1AFjakcIQdXgMWKgt20HaACzY+d1LRBC+L4tiz71t9fkg==}

  '@prisma/debug@6.12.0':
    resolution: {integrity: sha512-plbz6z72orcqr0eeio7zgUrZj5EudZUpAeWkFTA/DDdXEj28YHDXuiakvR6S7sD6tZi+jiwQEJAPeV6J6m/tEQ==}

  '@prisma/engines-version@6.12.0-15.8047c96bbd92db98a2abc7c9323ce77c02c89dbc':
    resolution: {integrity: sha512-70vhecxBJlRr06VfahDzk9ow4k1HIaSfVUT3X0/kZoHCMl9zbabut4gEXAyzJZxaCGi5igAA7SyyfBI//mmkbQ==}

  '@prisma/engines@6.12.0':
    resolution: {integrity: sha512-4BRZZUaAuB4p0XhTauxelvFs7IllhPmNLvmla0bO1nkECs8n/o1pUvAVbQ/VOrZR5DnF4HED0PrGai+rIOVePA==}

  '@prisma/fetch-engine@6.12.0':
    resolution: {integrity: sha512-EamoiwrK46rpWaEbLX9aqKDPOd8IyLnZAkiYXFNuq0YsU0Z8K09/rH8S7feOWAVJ3xzeSgcEJtBlVDrajM9Sag==}

  '@prisma/get-platform@6.12.0':
    resolution: {integrity: sha512-nRerTGhTlgyvcBlyWgt8OLNIV7QgJS2XYXMJD1hysorMCuLAjuDDuoxmVt7C2nLxbuxbWPp7OuFRHC23HqD9dA==}

  '@sapphire/async-queue@1.5.5':
    resolution: {integrity: sha512-cvGzxbba6sav2zZkH8GPf2oGk9yYoD5qrNWdu9fRehifgnFZJMV+nuy2nON2roRO4yQQ+v7MK/Pktl/HgfsUXg==}
    engines: {node: '>=v14.0.0', npm: '>=7.0.0'}

  '@sapphire/snowflake@3.5.5':
    resolution: {integrity: sha512-xzvBr1Q1c4lCe7i6sRnrofxeO1QTP/LKQ6A6qy0iB4x5yfiSfARMEQEghojzTNALDTcv8En04qYNIco9/K9eZQ==}
    engines: {node: '>=v14.0.0', npm: '>=7.0.0'}

  '@simple-libs/child-process-utils@1.0.1':
    resolution: {integrity: sha512-3nWd8irxvDI6v856wpPCHZ+08iQR0oHTZfzAZmnbsLzf+Sf1odraP6uKOHDZToXq3RPRV/LbqGVlSCogm9cJjg==}
    engines: {node: '>=18'}

  '@simple-libs/stream-utils@1.1.0':
    resolution: {integrity: sha512-6rsHTjodIn/t90lv5snQjRPVtOosM7Vp0AKdrObymq45ojlgVwnpAqdc+0OBBrpEiy31zZ6/TKeIVqV1HwvnuQ==}
    engines: {node: '>=18'}

  '@types/node@22.16.5':
    resolution: {integrity: sha512-bJFoMATwIGaxxx8VJPeM8TonI8t579oRvgAuT8zFugJsJZgzqv0Fu8Mhp68iecjzG7cnN3mO2dJQ5uUM2EFrgQ==}

  '@types/node@24.1.0':
    resolution: {integrity: sha512-ut5FthK5moxFKH2T1CUOC6ctR67rQRvvHdFLCD2Ql6KXmMuCrjsSsRI9UsLCm9M18BMwClv4pn327UvB7eeO1w==}

  '@types/normalize-package-data@2.4.4':
    resolution: {integrity: sha512-37i+OaWTh9qeK4LSHPsyRC7NahnGotNuZvjLSgcPzblpHB3rrCJxAOgI5gCdKm7coonsaX1Of0ILiTcnZjbfxA==}

  '@types/ws@8.18.1':
    resolution: {integrity: sha512-ThVF6DCVhA8kUGy+aazFQ4kXQ7E1Ty7A3ypFOe0IcJV8O/M511G99AW24irKrW56Wt44yG9+ij8FaqoBGkuBXg==}

  '@vladfrangu/async_event_emitter@2.4.6':
    resolution: {integrity: sha512-RaI5qZo6D2CVS6sTHFKg1v5Ohq/+Bo2LZ5gzUEwZ/WkHhwtGTCB/sVLw8ijOkAUxasZ+WshN/Rzj4ywsABJ5ZA==}
    engines: {node: '>=v14.0.0', npm: '>=7.0.0'}

  array-ify@1.0.0:
    resolution: {integrity: sha512-c5AMf34bKdvPhQ7tBGhqkgKNUzMr4WUs+WDtC2ZUGOUncbxKMTvqxYctiseW3+L4bA8ec+GcZ6/A/FW4m8ukng==}

  bufferutil@4.0.9:
    resolution: {integrity: sha512-WDtdLmJvAuNNPzByAYpRo2rF1Mmradw6gvWsQKf63476DDXmomT9zUiGypLcG4ibIM67vhAj8jJRdbmEws2Aqw==}
    engines: {node: '>=6.14.2'}

  commander@11.1.0:
    resolution: {integrity: sha512-yPVavfyCcRhmorC7rWlkHn15b4wDVgVmBA7kV4QVBsF7kv/9TKJAbAXVTxvTnwP8HHKjRCJDClKbciiYS7p0DQ==}
    engines: {node: '>=16'}

  compare-func@2.0.0:
    resolution: {integrity: sha512-zHig5N+tPWARooBnb0Zx1MFcdfpyJrfTJ3Y5L+IFvUm8rM74hHz66z0gw0x4tijh5CorKkKUCnW82R2vmpeCRA==}

  conventional-changelog-angular@8.0.0:
    resolution: {integrity: sha512-CLf+zr6St0wIxos4bmaKHRXWAcsCXrJU6F4VdNDrGRK3B8LDLKoX3zuMV5GhtbGkVR/LohZ6MT6im43vZLSjmA==}
    engines: {node: '>=18'}

  conventional-changelog-preset-loader@5.0.0:
    resolution: {integrity: sha512-SetDSntXLk8Jh1NOAl1Gu5uLiCNSYenB5tm0YVeZKePRIgDW9lQImromTwLa3c/Gae298tsgOM+/CYT9XAl0NA==}
    engines: {node: '>=18'}

  conventional-changelog-writer@8.2.0:
    resolution: {integrity: sha512-Y2aW4596l9AEvFJRwFGJGiQjt2sBYTjPD18DdvxX9Vpz0Z7HQ+g1Z+6iYDAm1vR3QOJrDBkRHixHK/+FhkR6Pw==}
    engines: {node: '>=18'}
    hasBin: true

  conventional-changelog@7.1.1:
    resolution: {integrity: sha512-rlqa8Lgh8YzT3Akruk05DR79j5gN9NCglHtJZwpi6vxVeaoagz+84UAtKQj/sT+RsfGaZkt3cdFCjcN6yjr5sw==}
    engines: {node: '>=18'}
    hasBin: true

  conventional-commits-filter@5.0.0:
    resolution: {integrity: sha512-tQMagCOC59EVgNZcC5zl7XqO30Wki9i9J3acbUvkaosCT6JX3EeFwJD7Qqp4MCikRnzS18WXV3BLIQ66ytu6+Q==}
    engines: {node: '>=18'}

  conventional-commits-parser@6.2.0:
    resolution: {integrity: sha512-uLnoLeIW4XaoFtH37qEcg/SXMJmKF4vi7V0H2rnPueg+VEtFGA/asSCNTcq4M/GQ6QmlzchAEtOoDTtKqWeHag==}
    engines: {node: '>=18'}
    hasBin: true

  cuint@0.2.2:
    resolution: {integrity: sha512-d4ZVpCW31eWwCMe1YT3ur7mUDnTXbgwyzaL320DrcRT45rfjYxkt5QWLrmOJ+/UEAI2+fQgKe/fCjR8l4TpRgw==}

  dedent@1.6.0:
    resolution: {integrity: sha512-F1Z+5UCFpmQUzJa11agbyPVMbpgT/qA3/SKyJ1jyBgm7dUcUEa8v9JwDkerSQXfakBwFljIxhOJqGkjUwZ9FSA==}
    peerDependencies:
      babel-plugin-macros: ^3.1.0
    peerDependenciesMeta:
      babel-plugin-macros:
        optional: true

  diff@5.2.0:
    resolution: {integrity: sha512-uIFDxqpRZGZ6ThOk84hEfqWoHx2devRFvpTZcTHur85vImfaxUbTW9Ryh4CpCuDnToOP1CEtXKIgytHBPVff5A==}
    engines: {node: '>=0.3.1'}

  discord-api-types@0.38.17:
    resolution: {integrity: sha512-/fCx5jdUoR2hBFcj77Qx7Tmx1Ub8V/QpyS6uorjFvxRLcJJ348QxMFml9QW/eXh3i46eO4Ve8qGVepStpInEPg==}

  discord.js@15.0.0-dev.1754006526-8f5ac55d8:
    resolution: {integrity: sha512-Wu7TBj1V2uubLe4QatIgzlb/+QeIOps17YQV9r1EfybcpEvMkvQXDqSw80tl51GdPu0cHWV67S1YabHnJIspGg==}
    engines: {node: '>=22.12.0'}

  dot-prop@5.3.0:
    resolution: {integrity: sha512-QM8q3zDe58hqUqjraQOmzZ1LIH9SWQJTlEKCH4kJ2oQvLZk7RbQXvtDM2XEq3fwkV9CCvvH4LA0AV+ogFsBM2Q==}
    engines: {node: '>=8'}

  dotenv@16.6.1:
    resolution: {integrity: sha512-uBq4egWHTcTt33a72vpSG0z3HnPuIl6NqYcTrKEg2azoEyl2hpW0zqlxysq2pK9HlDIHyHyakeYaYnSAwd8bow==}
    engines: {node: '>=12'}

  fast-deep-equal@3.1.3:
    resolution: {integrity: sha512-f3qQ9oQy9j2AhBe/H9VC91wLmKBCCU/gDOnKNAYG5hswO7BLKj09Hc5HYNz9cGI++xlpDCIgDaitVs03ATR84Q==}

  fd-package-json@2.0.0:
    resolution: {integrity: sha512-jKmm9YtsNXN789RS/0mSzOC1NUq9mkVd65vbSSVsKdjGvYXBuE4oWe2QOEoFeRmJg+lPuZxpmrfFclNhoRMneQ==}

  fdir@6.4.6:
    resolution: {integrity: sha512-hiFoqpyZcfNm1yc4u8oWCf9A2c4D3QjCrks3zmoVKVxpQRzmPNar1hUJcBG2RQHvEVGDN+Jm81ZheVLAQMK6+w==}
    peerDependencies:
      picomatch: ^3 || ^4
    peerDependenciesMeta:
      picomatch:
        optional: true

  g-detector@1.0.0:
    resolution: {integrity: sha512-AIeB2DFPMcKI+TWQg1LYSmI3ZvXE8Fi3zrRfMq9YeD70vmsPUrLErjx05MgL+cF1hyB2vL8Vz31F7vs4BhAXIg==}
    engines: {node: '>=20.0.0'}

  handlebars@4.7.8:
    resolution: {integrity: sha512-vafaFqs8MZkRrSX7sFVUdo3ap/eNiLnb4IakshzvP56X5Nr1iGKAIqdX6tMlm6HcNRIkr6AxO5jFEoJzzpT8aQ==}
    engines: {node: '>=0.4.7'}
    hasBin: true

  hosted-git-info@8.1.0:
    resolution: {integrity: sha512-Rw/B2DNQaPBICNXEm8balFz9a6WpZrkCGpcWFpy7nCj+NyhSdqXipmfvtmWt9xGfp0wZnBxB+iVpLmQMYt47Tw==}
    engines: {node: ^18.17.0 || >=20.5.0}

  is-obj@2.0.0:
    resolution: {integrity: sha512-drqDG3cbczxxEJRoOXcOjtdp1J/lyp1mNn0xaznRs8+muBhgQcrnbspox5X5fOw0HnMnbfDzvnEMEtqDEJEo8w==}
    engines: {node: '>=8'}

  jiti@2.4.2:
    resolution: {integrity: sha512-rg9zJN+G4n2nfJl5MW3BMygZX56zKPNVEYYqq7adpmMh4Jn2QNEwhvQlFy6jPVdcod7txZtKHWnyZiA3a0zP7A==}
    hasBin: true

  lodash.snakecase@4.1.1:
    resolution: {integrity: sha512-QZ1d4xoBHYUeuouhEq3lk3Uq7ldgyFXGBhg04+oRLnIz8o9T65Eh+8YdroUwn846zchkA9yDsDl5CVVaV2nqYw==}

  lru-cache@10.4.3:
    resolution: {integrity: sha512-JNAzZcXrCt42VGLuYz0zfAzDfAvJWW6AfYlDBQyDV5DClI2m5sAmK+OIO7s59XfsRsWHp02jAJrRadPRGTt6SQ==}

  magic-bytes.js@1.12.1:
    resolution: {integrity: sha512-ThQLOhN86ZkJ7qemtVRGYM+gRgR8GEXNli9H/PMvpnZsE44Xfh3wx9kGJaldg314v85m+bFW6WBMaVHJc/c3zA==}

  meow@13.2.0:
    resolution: {integrity: sha512-pxQJQzB6djGPXh08dacEloMFopsOqGVRKFPYvPOt9XDZ1HasbgDZA74CJGreSU4G3Ak7EFJGoiH2auq+yXISgA==}
    engines: {node: '>=18'}

  minimist@1.2.8:
    resolution: {integrity: sha512-2yyAR8qBkN3YuheJanUpWC5U3bb5osDywNB8RzDVlDwDHbocAJveqqj1u8+SVD7jkWT4yvsHCpWqqWqAxb0zCA==}

  nan@2.23.0:
    resolution: {integrity: sha512-1UxuyYGdoQHcGg87Lkqm3FzefucTa0NAiOcuRsDmysep3c1LVCRK2krrUDafMWtjSG04htvAmvg96+SDknOmgQ==}

  neo-async@2.6.2:
    resolution: {integrity: sha512-Yd3UES5mWCSqR+qNT93S3UoYUkqAZ9lLg8a7g9rimsWmYGK8cVToA4/sF3RrshdyV3sAGMXVUmpMYOw+dLpOuw==}

  node-gyp-build@4.8.4:
    resolution: {integrity: sha512-LA4ZjwlnUblHVgq0oBF3Jl/6h/Nvs5fzBLwdEF4nuxnFdsfajde4WfxtJr3CaiH+F6ewcIB/q4jQ4UzPyid+CQ==}
    hasBin: true

  normalize-package-data@7.0.1:
    resolution: {integrity: sha512-linxNAT6M0ebEYZOx2tO6vBEFsVgnPpv+AVjk0wJHfaUIbq31Jm3T6vvZaarnOeWDh8ShnwXuaAyM7WT3RzErA==}
    engines: {node: ^18.17.0 || >=20.5.0}

  picomatch@4.0.3:
    resolution: {integrity: sha512-5gTmgEY/sqK6gFXLIsQNH19lWb4ebPDLA4SdLP7dsWkIXHWlG66oPuVvXSGFPppYZz8ZDZq0dYYrbHfBCVUb1Q==}
    engines: {node: '>=12'}

  prisma@6.12.0:
    resolution: {integrity: sha512-pmV7NEqQej9WjizN6RSNIwf7Y+jeh9mY1JEX2WjGxJi4YZWexClhde1yz/FuvAM+cTwzchcMytu2m4I6wPkIzg==}
    engines: {node: '>=18.18'}
    hasBin: true
    peerDependencies:
      typescript: '>=5.1.0'
    peerDependenciesMeta:
      typescript:
        optional: true

  semver@7.7.2:
    resolution: {integrity: sha512-RF0Fw+rO5AMf9MAyaRXI4AV0Ulj5lMHqVxxdSgiVbixSCXoEmmX/jk0CuJw4+3SqroYO9VoUh+HcuJivvtJemA==}
    engines: {node: '>=10'}
    hasBin: true

  source-map@0.6.1:
    resolution: {integrity: sha512-UjgapumWlbMhkBgzT7Ykc5YXUT46F0iKu8SGXq0bcwP5dz/h0Plj6enJqjz1Zbq2l5WaqYnrVbwWOWMyF3F47g==}
    engines: {node: '>=0.10.0'}

  spdx-correct@3.2.0:
    resolution: {integrity: sha512-kN9dJbvnySHULIluDHy32WHRUu3Og7B9sbY7tsFLctQkIqnMh3hErYgdMjTYuqmcXX+lK5T1lnUt3G7zNswmZA==}

  spdx-exceptions@2.5.0:
    resolution: {integrity: sha512-PiU42r+xO4UbUS1buo3LPJkjlO7430Xn5SVAhdpzzsPHsjbYVflnnFdATgabnLude+Cqu25p6N+g2lw/PFsa4w==}

  spdx-expression-parse@3.0.1:
    resolution: {integrity: sha512-cbqHunsQWnJNE6KhVSMsMeH5H/L9EpymbzqTQ3uLwNCLZ1Q481oWaofqH7nO6V07xlXwY6PhQdQ2IedWx/ZK4Q==}

  spdx-license-ids@3.0.21:
    resolution: {integrity: sha512-Bvg/8F5XephndSK3JffaRqdT+gyhfqIPwDHpX80tJrF8QQRYMo8sNMeaZ2Dp5+jhwKnUmIOyFFQfHRkjJm5nXg==}

  standard-changelog@7.0.1:
    resolution: {integrity: sha512-T6zle1D8PEaOgIUM+SkEOpCitwCK3Belm133HcHE46SI0awk6tL+SSpB+utVCoH8Yk0hdKQxs4pNDVXlOf9ggw==}
    engines: {node: '>=18'}
    hasBin: true

  ts-mixer@6.0.4:
    resolution: {integrity: sha512-ufKpbmrugz5Aou4wcr5Wc1UUFWOLhq+Fm6qa6P0w0K5Qw2yhaUoiWszhCVuNQyNwrlGiscHOmqYoAox1PtvgjA==}

  tslib@2.8.1:
    resolution: {integrity: sha512-oJFu94HQb+KVduSUQL7wnpmqnfmLsOA/nAh6b6EH0wCEoK0/mPeXU6c3wKDV83MkOuHPRHtSXKKU99IBazS/2w==}

  typed-env@2.0.0:
    resolution: {integrity: sha512-9nP+7+pctDlpFNKS4nkXPVkCOdAj7Ax8QeHhQkQ0hEGzsJ5ClgfhjwGN89q6s/EukHqyq9rDRzZ2yctCIEJGxA==}
    engines: {node: ^14.18.0 || >=16.0.0}

  typescript@5.9.2:
    resolution: {integrity: sha512-CWBzXQrc/qOkhidw1OzBTQuYRbfyxDXJMVJ1XNwUHGROVmuaeiEm3OslpZ1RV96d7SKKjZKrSJu3+t/xlw3R9A==}
    engines: {node: '>=14.17'}
    hasBin: true

  uglify-js@3.19.3:
    resolution: {integrity: sha512-v3Xu+yuwBXisp6QYTcH4UbH+xYJXqnq2m/LtQVWKWzYc1iehYnLixoQDN9FH6/j9/oybfd6W9Ghwkl8+UMKTKQ==}
    engines: {node: '>=0.8.0'}
    hasBin: true

  undici-types@6.21.0:
    resolution: {integrity: sha512-iwDZqg0QAGrg9Rav5H4n0M64c3mkR59cJ6wQp+7C4nI0gsmExaedaYLNO44eT4AtBBwjbTiGPMlt2Md0T9H9JQ==}

  undici-types@7.8.0:
    resolution: {integrity: sha512-9UJ2xGDvQ43tYyVMpuHlsgApydB8ZKfVYTsLDhXkFL/6gfkp+U8xTGdh8pMJv1SpZna0zxG1DwsKZsreLbXBxw==}

  undici@7.11.0:
    resolution: {integrity: sha512-heTSIac3iLhsmZhUCjyS3JQEkZELateufzZuBaVM5RHXdSBMb1LPMQf5x+FH7qjsZYDP0ttAc3nnVpUB+wYbOg==}
    engines: {node: '>=20.18.1'}

  uuid@11.1.0:
    resolution: {integrity: sha512-0/A9rDy9P7cJ+8w1c9WD9V//9Wj15Ce2MPz8Ri6032usz+NfePxx5AcN3bN+r6ZL6jEo066/yNYB3tn4pQEx+A==}
    hasBin: true

  validate-npm-package-license@3.0.4:
    resolution: {integrity: sha512-DpKm2Ui/xN7/HQKCtpZxoRWBhZ9Z0kqtygG8XCgNQ8ZlDnxuQmWhj566j8fN4Cu3/JmbhsDo7fcAJq4s9h27Ew==}

  walk-up-path@4.0.0:
    resolution: {integrity: sha512-3hu+tD8YzSLGuFYtPRb48vdhKMi0KQV5sn+uWr8+7dMEq/2G/dtLrdDinkLjqq5TIbIBjYJ4Ax/n3YiaW7QM8A==}
    engines: {node: 20 || >=22}

  wordwrap@1.0.0:
    resolution: {integrity: sha512-gvVzJFlPycKc5dZN4yPkP8w7Dc37BtP1yczEneOb4uq34pXZcvrtRTmWV8W+Ume+XCxKgbjM+nevkyFPMybd4Q==}

  ws@8.18.3:
    resolution: {integrity: sha512-PEIGCY5tSlUt50cqyMXfCzX+oOPqN0vuGqWzbcJ2xvnkzkq46oOpz7dQaTDBdfICb4N14+GARUDw2XV2N4tvzg==}
    engines: {node: '>=10.0.0'}
    peerDependencies:
      bufferutil: ^4.0.1
      utf-8-validate: '>=5.0.2'
    peerDependenciesMeta:
      bufferutil:
        optional: true
      utf-8-validate:
        optional: true

  xxhashjs@0.2.2:
    resolution: {integrity: sha512-AkTuIuVTET12tpsVIQo+ZU6f/qDmKuRUcjaqR+OIvm+aCBsZ95i7UVY5WJ9TMsSaZ0DA2WxoZ4acu0sPH+OKAw==}

  zlib-sync@0.1.10:
    resolution: {integrity: sha512-t7/pYg5tLBznL1RuhmbAt8rNp5tbhr+TSrJFnMkRtrGIaPJZ6Dc0uR4u3OoQI2d6cGlVI62E3Gy6gwkxyIqr/w==}

  zod@4.0.14:
    resolution: {integrity: sha512-nGFJTnJN6cM2v9kXL+SOBq3AtjQby3Mv5ySGFof5UGRHrRioSJ5iG680cYNjE/yWk671nROcpPj4hAS8nyLhSw==}

snapshots:

  '@biomejs/biome@2.1.3':
    optionalDependencies:
      '@biomejs/cli-darwin-arm64': 2.1.3
      '@biomejs/cli-darwin-x64': 2.1.3
      '@biomejs/cli-linux-arm64': 2.1.3
      '@biomejs/cli-linux-arm64-musl': 2.1.3
      '@biomejs/cli-linux-x64': 2.1.3
      '@biomejs/cli-linux-x64-musl': 2.1.3
      '@biomejs/cli-win32-arm64': 2.1.3
      '@biomejs/cli-win32-x64': 2.1.3

  '@biomejs/cli-darwin-arm64@2.1.3':
    optional: true

  '@biomejs/cli-darwin-x64@2.1.3':
    optional: true

  '@biomejs/cli-linux-arm64-musl@2.1.3':
    optional: true

  '@biomejs/cli-linux-arm64@2.1.3':
    optional: true

  '@biomejs/cli-linux-x64-musl@2.1.3':
    optional: true

  '@biomejs/cli-linux-x64@2.1.3':
    optional: true

  '@biomejs/cli-win32-arm64@2.1.3':
    optional: true

  '@biomejs/cli-win32-x64@2.1.3':
    optional: true

  '@conventional-changelog/git-client@2.5.1(conventional-commits-filter@5.0.0)(conventional-commits-parser@6.2.0)':
    dependencies:
      '@simple-libs/child-process-utils': 1.0.1
      '@simple-libs/stream-utils': 1.1.0
      semver: 7.7.2
    optionalDependencies:
      conventional-commits-filter: 5.0.0
      conventional-commits-parser: 6.2.0

  '@discordjs/builders@2.0.0-dev.1754006523-8f5ac55d8':
    dependencies:
      '@discordjs/util': 2.0.0-dev.1754006532-8f5ac55d8
      discord-api-types: 0.38.17
      ts-mixer: 6.0.4
      tslib: 2.8.1
      zod: 4.0.14

  '@discordjs/collection@3.0.0-dev.1754006524-8f5ac55d8': {}

  '@discordjs/formatters@1.0.0-dev.1754006528-8f5ac55d8':
    dependencies:
      discord-api-types: 0.38.17

  '@discordjs/rest@3.0.0-dev.1754006531-8f5ac55d8':
    dependencies:
      '@discordjs/collection': 3.0.0-dev.1754006524-8f5ac55d8
      '@discordjs/util': 2.0.0-dev.1754006532-8f5ac55d8
      '@sapphire/async-queue': 1.5.5
      '@sapphire/snowflake': 3.5.5
      '@vladfrangu/async_event_emitter': 2.4.6
      discord-api-types: 0.38.17
      magic-bytes.js: 1.12.1
      tslib: 2.8.1
      undici: 7.11.0
      uuid: 11.1.0

  '@discordjs/util@2.0.0-dev.1754006532-8f5ac55d8': {}

  '@discordjs/ws@3.0.0-dev.1754006534-8f5ac55d8(bufferutil@4.0.9)':
    dependencies:
      '@discordjs/collection': 3.0.0-dev.1754006524-8f5ac55d8
      '@discordjs/util': 2.0.0-dev.1754006532-8f5ac55d8
      '@sapphire/async-queue': 1.5.5
      '@types/ws': 8.18.1
      '@vladfrangu/async_event_emitter': 2.4.6
      discord-api-types: 0.38.17
      tslib: 2.8.1
      ws: 8.18.3(bufferutil@4.0.9)
    transitivePeerDependencies:
      - bufferutil
      - utf-8-validate

  '@dotenvx/dotenvx-ext-vault@0.3.2':
    dependencies:
      commander: 11.1.0
      diff: 5.2.0
      dotenv: 16.6.1
      fdir: 6.4.6(picomatch@4.0.3)
      picomatch: 4.0.3
      xxhashjs: 0.2.2

  '@prisma/client@6.12.0(prisma@6.12.0(typescript@5.9.2))(typescript@5.9.2)':
    optionalDependencies:
      prisma: 6.12.0(typescript@5.9.2)
      typescript: 5.9.2

  '@prisma/config@6.12.0':
    dependencies:
      jiti: 2.4.2

  '@prisma/debug@6.12.0': {}

  '@prisma/engines-version@6.12.0-15.8047c96bbd92db98a2abc7c9323ce77c02c89dbc': {}

  '@prisma/engines@6.12.0':
    dependencies:
      '@prisma/debug': 6.12.0
      '@prisma/engines-version': 6.12.0-15.8047c96bbd92db98a2abc7c9323ce77c02c89dbc
      '@prisma/fetch-engine': 6.12.0
      '@prisma/get-platform': 6.12.0

  '@prisma/fetch-engine@6.12.0':
    dependencies:
      '@prisma/debug': 6.12.0
      '@prisma/engines-version': 6.12.0-15.8047c96bbd92db98a2abc7c9323ce77c02c89dbc
      '@prisma/get-platform': 6.12.0

  '@prisma/get-platform@6.12.0':
    dependencies:
      '@prisma/debug': 6.12.0

  '@sapphire/async-queue@1.5.5': {}

  '@sapphire/snowflake@3.5.5': {}

  '@simple-libs/child-process-utils@1.0.1':
    dependencies:
      '@simple-libs/stream-utils': 1.1.0
      '@types/node': 22.16.5

  '@simple-libs/stream-utils@1.1.0':
    dependencies:
      '@types/node': 22.16.5

  '@types/node@22.16.5':
    dependencies:
      undici-types: 6.21.0

  '@types/node@24.1.0':
    dependencies:
      undici-types: 7.8.0

  '@types/normalize-package-data@2.4.4': {}

  '@types/ws@8.18.1':
    dependencies:
      '@types/node': 24.1.0

  '@vladfrangu/async_event_emitter@2.4.6': {}

  array-ify@1.0.0: {}

  bufferutil@4.0.9:
    dependencies:
      node-gyp-build: 4.8.4

  commander@11.1.0: {}

  compare-func@2.0.0:
    dependencies:
      array-ify: 1.0.0
      dot-prop: 5.3.0

  conventional-changelog-angular@8.0.0:
    dependencies:
      compare-func: 2.0.0

  conventional-changelog-preset-loader@5.0.0: {}

  conventional-changelog-writer@8.2.0:
    dependencies:
      conventional-commits-filter: 5.0.0
      handlebars: 4.7.8
      meow: 13.2.0
      semver: 7.7.2

  conventional-changelog@7.1.1(conventional-commits-filter@5.0.0):
    dependencies:
      '@conventional-changelog/git-client': 2.5.1(conventional-commits-filter@5.0.0)(conventional-commits-parser@6.2.0)
      '@types/normalize-package-data': 2.4.4
      conventional-changelog-preset-loader: 5.0.0
      conventional-changelog-writer: 8.2.0
      conventional-commits-parser: 6.2.0
      fd-package-json: 2.0.0
      meow: 13.2.0
      normalize-package-data: 7.0.1
    transitivePeerDependencies:
      - conventional-commits-filter

  conventional-commits-filter@5.0.0: {}

  conventional-commits-parser@6.2.0:
    dependencies:
      meow: 13.2.0

  cuint@0.2.2: {}

  dedent@1.6.0: {}

  diff@5.2.0: {}

  discord-api-types@0.38.17: {}

  discord.js@15.0.0-dev.1754006526-8f5ac55d8(bufferutil@4.0.9):
    dependencies:
      '@discordjs/builders': 2.0.0-dev.1754006523-8f5ac55d8
      '@discordjs/collection': 3.0.0-dev.1754006524-8f5ac55d8
      '@discordjs/formatters': 1.0.0-dev.1754006528-8f5ac55d8
      '@discordjs/rest': 3.0.0-dev.1754006531-8f5ac55d8
      '@discordjs/util': 2.0.0-dev.1754006532-8f5ac55d8
      '@discordjs/ws': 3.0.0-dev.1754006534-8f5ac55d8(bufferutil@4.0.9)
      '@sapphire/snowflake': 3.5.5
      '@vladfrangu/async_event_emitter': 2.4.6
      discord-api-types: 0.38.17
      fast-deep-equal: 3.1.3
      lodash.snakecase: 4.1.1
      magic-bytes.js: 1.12.1
      tslib: 2.8.1
      undici: 7.11.0
    transitivePeerDependencies:
      - bufferutil
      - utf-8-validate

  dot-prop@5.3.0:
    dependencies:
      is-obj: 2.0.0

  dotenv@16.6.1: {}

  fast-deep-equal@3.1.3: {}

  fd-package-json@2.0.0:
    dependencies:
      walk-up-path: 4.0.0

  fdir@6.4.6(picomatch@4.0.3):
    optionalDependencies:
      picomatch: 4.0.3

  g-detector@1.0.0: {}

  handlebars@4.7.8:
    dependencies:
      minimist: 1.2.8
      neo-async: 2.6.2
      source-map: 0.6.1
      wordwrap: 1.0.0
    optionalDependencies:
      uglify-js: 3.19.3

  hosted-git-info@8.1.0:
    dependencies:
      lru-cache: 10.4.3

  is-obj@2.0.0: {}

  jiti@2.4.2: {}

  lodash.snakecase@4.1.1: {}

  lru-cache@10.4.3: {}

  magic-bytes.js@1.12.1: {}

  meow@13.2.0: {}

  minimist@1.2.8: {}

  nan@2.23.0: {}

  neo-async@2.6.2: {}

  node-gyp-build@4.8.4: {}

  normalize-package-data@7.0.1:
    dependencies:
      hosted-git-info: 8.1.0
      semver: 7.7.2
      validate-npm-package-license: 3.0.4

  picomatch@4.0.3: {}

  prisma@6.12.0(typescript@5.9.2):
    dependencies:
      '@prisma/config': 6.12.0
      '@prisma/engines': 6.12.0
    optionalDependencies:
      typescript: 5.9.2

  semver@7.7.2: {}

  source-map@0.6.1: {}

  spdx-correct@3.2.0:
    dependencies:
      spdx-expression-parse: 3.0.1
      spdx-license-ids: 3.0.21

  spdx-exceptions@2.5.0: {}

  spdx-expression-parse@3.0.1:
    dependencies:
      spdx-exceptions: 2.5.0
      spdx-license-ids: 3.0.21

  spdx-license-ids@3.0.21: {}

  standard-changelog@7.0.1(conventional-commits-filter@5.0.0)(conventional-commits-parser@6.2.0):
    dependencies:
      '@conventional-changelog/git-client': 2.5.1(conventional-commits-filter@5.0.0)(conventional-commits-parser@6.2.0)
      conventional-changelog: 7.1.1(conventional-commits-filter@5.0.0)
      conventional-changelog-angular: 8.0.0
      meow: 13.2.0
    transitivePeerDependencies:
      - conventional-commits-filter
      - conventional-commits-parser

  ts-mixer@6.0.4: {}

  tslib@2.8.1: {}

  typed-env@2.0.0: {}

  typescript@5.9.2: {}

  uglify-js@3.19.3:
    optional: true

  undici-types@6.21.0: {}

  undici-types@7.8.0: {}

  undici@7.11.0: {}

  uuid@11.1.0: {}

  validate-npm-package-license@3.0.4:
    dependencies:
      spdx-correct: 3.2.0
      spdx-expression-parse: 3.0.1

  walk-up-path@4.0.0: {}

  wordwrap@1.0.0: {}

  ws@8.18.3(bufferutil@4.0.9):
    optionalDependencies:
      bufferutil: 4.0.9

  xxhashjs@0.2.2:
    dependencies:
      cuint: 0.2.2

  zlib-sync@0.1.10:
    dependencies:
      nan: 2.23.0

  zod@4.0.14: {}
